
Microsoft Visual Studio Solution File, Format Version 12.00
# Visual Studio Version 17
VisualStudioVersion = 17.11.35208.52
MinimumVisualStudioVersion = 10.0.40219.1
Project("{FAE04EC0-301F-11D3-BF4B-00C04F79EFBC}") = "Two Sum", "Two Sum.csproj", "{3A03DF99-3095-45A4-BA13-A9C59F6E7E5B}"
EndProject
Global
	GlobalSection(SolutionConfigurationPlatforms) = preSolution
		Debug|Any CPU = Debug|Any CPU
		Release|Any CPU = Release|Any CPU
	EndGlobalSection
	GlobalSection(ProjectConfigurationPlatforms) = postSolution
		{3A03DF99-3095-45A4-BA13-A9C59F6E7E5B}.Debug|Any CPU.ActiveCfg = Debug|Any CPU
		{3A03DF99-3095-45A4-BA13-A9C59F6E7E5B}.Debug|Any CPU.Build.0 = Debug|Any CPU
		{3A03DF99-3095-45A4-BA13-A9C59F6E7E5B}.Release|Any CPU.ActiveCfg = Release|Any CPU
		{3A03DF99-3095-45A4-BA13-A9C59F6E7E5B}.Release|Any CPU.Build.0 = Release|Any CPU
	EndGlobalSection
	GlobalSection(SolutionProperties) = preSolution
		HideSolutionNode = FALSE
	EndGlobalSection
	GlobalSection(ExtensibilityGlobals) = postSolution
		SolutionGuid = {67D963C0-2E2C-4471-97A2-5E1C786EC4A6}
	EndGlobalSection
EndGlobal
